// !$*UTF8*$!
{
	archiveVersion = 1;
	classes = {
	};
	objectVersion = 56;
	objects = {

/* Begin PBXBuildFile section */
		D07742F62AC05FE400727830 /* upDateViewController.swift in Sources */ = {isa = PBXBuildFile; fileRef = D07742F52AC05FE400727830 /* upDateViewController.swift */; };
		D07742F82AC192E600727830 /* upMapViewController.swift in Sources */ = {isa = PBXBuildFile; fileRef = D07742F72AC192E600727830 /* upMapViewController.swift */; };
		D0885DA22AB75F3600F9F2E1 /* AppDelegate.swift in Sources */ = {isa = PBXBuildFile; fileRef = D0885DA12AB75F3600F9F2E1 /* AppDelegate.swift */; };
		D0885DA42AB75F3600F9F2E1 /* SceneDelegate.swift in Sources */ = {isa = PBXBuildFile; fileRef = D0885DA32AB75F3600F9F2E1 /* SceneDelegate.swift */; };
		D0885DA62AB75F3600F9F2E1 /* HomeController.swift in Sources */ = {isa = PBXBuildFile; fileRef = D0885DA52AB75F3600F9F2E1 /* HomeController.swift */; };
		D0885DA92AB75F3600F9F2E1 /* Main.storyboard in Resources */ = {isa = PBXBuildFile; fileRef = D0885DA72AB75F3600F9F2E1 /* Main.storyboard */; };
		D0885DAB2AB75F3800F9F2E1 /* Assets.xcassets in Resources */ = {isa = PBXBuildFile; fileRef = D0885DAA2AB75F3800F9F2E1 /* Assets.xcassets */; };
		D0885DAE2AB75F3800F9F2E1 /* LaunchScreen.storyboard in Resources */ = {isa = PBXBuildFile; fileRef = D0885DAC2AB75F3800F9F2E1 /* LaunchScreen.storyboard */; };
		D0885DD82AB8309400F9F2E1 /* ShowViewController.swift in Sources */ = {isa = PBXBuildFile; fileRef = D0885DD72AB8309400F9F2E1 /* ShowViewController.swift */; };
		D0885DDA2AB830AA00F9F2E1 /* EditViewController.swift in Sources */ = {isa = PBXBuildFile; fileRef = D0885DD92AB830AA00F9F2E1 /* EditViewController.swift */; };
		D0885DDC2AB830BC00F9F2E1 /* addMapViewController.swift in Sources */ = {isa = PBXBuildFile; fileRef = D0885DDB2AB830BC00F9F2E1 /* addMapViewController.swift */; };
		D0885DFE2AB9EEED00F9F2E1 /* CustomPinView.swift in Sources */ = {isa = PBXBuildFile; fileRef = D0885DFD2AB9EEED00F9F2E1 /* CustomPinView.swift */; };
		D0885E032AB9EF4E00F9F2E1 /* CustomPinView.xib in Resources */ = {isa = PBXBuildFile; fileRef = D0885E022AB9EF4E00F9F2E1 /* CustomPinView.xib */; };
		D0885E062ABA832900F9F2E1 /* Realm in Frameworks */ = {isa = PBXBuildFile; productRef = D0885E052ABA832900F9F2E1 /* Realm */; };
		D0885E082ABA832900F9F2E1 /* RealmSwift in Frameworks */ = {isa = PBXBuildFile; productRef = D0885E072ABA832900F9F2E1 /* RealmSwift */; };
		D0885E0A2ABA839600F9F2E1 /* addMapItem.swift in Sources */ = {isa = PBXBuildFile; fileRef = D0885E092ABA839600F9F2E1 /* addMapItem.swift */; };
/* End PBXBuildFile section */

/* Begin PBXFileReference section */
		D07742F52AC05FE400727830 /* upDateViewController.swift */ = {isa = PBXFileReference; lastKnownFileType = sourcecode.swift; path = upDateViewController.swift; sourceTree = "<group>"; };
		D07742F72AC192E600727830 /* upMapViewController.swift */ = {isa = PBXFileReference; lastKnownFileType = sourcecode.swift; path = upMapViewController.swift; sourceTree = "<group>"; };
		D0885D9E2AB75F3600F9F2E1 /* TodoMap.app */ = {isa = PBXFileReference; explicitFileType = wrapper.application; includeInIndex = 0; path = TodoMap.app; sourceTree = BUILT_PRODUCTS_DIR; };
		D0885DA12AB75F3600F9F2E1 /* AppDelegate.swift */ = {isa = PBXFileReference; lastKnownFileType = sourcecode.swift; path = AppDelegate.swift; sourceTree = "<group>"; };
		D0885DA32AB75F3600F9F2E1 /* SceneDelegate.swift */ = {isa = PBXFileReference; lastKnownFileType = sourcecode.swift; path = SceneDelegate.swift; sourceTree = "<group>"; };
		D0885DA52AB75F3600F9F2E1 /* HomeController.swift */ = {isa = PBXFileReference; lastKnownFileType = sourcecode.swift; path = HomeController.swift; sourceTree = "<group>"; };
		D0885DA82AB75F3600F9F2E1 /* Base */ = {isa = PBXFileReference; lastKnownFileType = file.storyboard; name = Base; path = Base.lproj/Main.storyboard; sourceTree = "<group>"; };
		D0885DAA2AB75F3800F9F2E1 /* Assets.xcassets */ = {isa = PBXFileReference; lastKnownFileType = folder.assetcatalog; path = Assets.xcassets; sourceTree = "<group>"; };
		D0885DAD2AB75F3800F9F2E1 /* Base */ = {isa = PBXFileReference; lastKnownFileType = file.storyboard; name = Base; path = Base.lproj/LaunchScreen.storyboard; sourceTree = "<group>"; };
		D0885DAF2AB75F3800F9F2E1 /* Info.plist */ = {isa = PBXFileReference; lastKnownFileType = text.plist.xml; path = Info.plist; sourceTree = "<group>"; };
		D0885DD72AB8309400F9F2E1 /* ShowViewController.swift */ = {isa = PBXFileReference; lastKnownFileType = sourcecode.swift; path = ShowViewController.swift; sourceTree = "<group>"; };
		D0885DD92AB830AA00F9F2E1 /* EditViewController.swift */ = {isa = PBXFileReference; lastKnownFileType = sourcecode.swift; path = EditViewController.swift; sourceTree = "<group>"; };
		D0885DDB2AB830BC00F9F2E1 /* addMapViewController.swift */ = {isa = PBXFileReference; lastKnownFileType = sourcecode.swift; path = addMapViewController.swift; sourceTree = "<group>"; };
		D0885DFD2AB9EEED00F9F2E1 /* CustomPinView.swift */ = {isa = PBXFileReference; lastKnownFileType = sourcecode.swift; path = CustomPinView.swift; sourceTree = "<group>"; };
		D0885E022AB9EF4E00F9F2E1 /* CustomPinView.xib */ = {isa = PBXFileReference; lastKnownFileType = file.xib; path = CustomPinView.xib; sourceTree = "<group>"; };
		D0885E092ABA839600F9F2E1 /* addMapItem.swift */ = {isa = PBXFileReference; lastKnownFileType = sourcecode.swift; path = addMapItem.swift; sourceTree = "<group>"; };
/* End PBXFileReference section */

/* Begin PBXFrameworksBuildPhase section */
		D0885D9B2AB75F3600F9F2E1 /* Frameworks */ = {
			isa = PBXFrameworksBuildPhase;
			buildActionMask = 2147483647;
			files = (
				D0885E082ABA832900F9F2E1 /* RealmSwift in Frameworks */,
				D0885E062ABA832900F9F2E1 /* Realm in Frameworks */,
			);
			runOnlyForDeploymentPostprocessing = 0;
		};
/* End PBXFrameworksBuildPhase section */

/* Begin PBXGroup section */
		D0885D952AB75F3600F9F2E1 = {
			isa = PBXGroup;
			children = (
				D0885DA02AB75F3600F9F2E1 /* TodoMap */,
				D0885D9F2AB75F3600F9F2E1 /* Products */,
			);
			sourceTree = "<group>";
		};
		D0885D9F2AB75F3600F9F2E1 /* Products */ = {
			isa = PBXGroup;
			children = (
				D0885D9E2AB75F3600F9F2E1 /* TodoMap.app */,
			);
			name = Products;
			sourceTree = "<group>";
		};
		D0885DA02AB75F3600F9F2E1 /* TodoMap */ = {
			isa = PBXGroup;
			children = (
				D0885DA12AB75F3600F9F2E1 /* AppDelegate.swift */,
				D0885DA32AB75F3600F9F2E1 /* SceneDelegate.swift */,
				D0885DA72AB75F3600F9F2E1 /* Main.storyboard */,
				D0885DAA2AB75F3800F9F2E1 /* Assets.xcassets */,
				D0885DAC2AB75F3800F9F2E1 /* LaunchScreen.storyboard */,
				D0885DAF2AB75F3800F9F2E1 /* Info.plist */,
				D0885DA52AB75F3600F9F2E1 /* HomeController.swift */,
				D0885DD72AB8309400F9F2E1 /* ShowViewController.swift */,
				D0885DD92AB830AA00F9F2E1 /* EditViewController.swift */,
				D0885DDB2AB830BC00F9F2E1 /* addMapViewController.swift */,
				D0885DFD2AB9EEED00F9F2E1 /* CustomPinView.swift */,
				D0885E022AB9EF4E00F9F2E1 /* CustomPinView.xib */,
				D0885E092ABA839600F9F2E1 /* addMapItem.swift */,
				D07742F52AC05FE400727830 /* upDateViewController.swift */,
				D07742F72AC192E600727830 /* upMapViewController.swift */,
			);
			path = TodoMap;
			sourceTree = "<group>";
		};
/* End PBXGroup section */

/* Begin PBXNativeTarget section */
		D0885D9D2AB75F3600F9F2E1 /* TodoMap */ = {
			isa = PBXNativeTarget;
			buildConfigurationList = D0885DB22AB75F3800F9F2E1 /* Build configuration list for PBXNativeTarget "TodoMap" */;
			buildPhases = (
				D0885D9A2AB75F3600F9F2E1 /* Sources */,
				D0885D9B2AB75F3600F9F2E1 /* Frameworks */,
				D0885D9C2AB75F3600F9F2E1 /* Resources */,
			);
			buildRules = (
			);
			dependencies = (
			);
			name = TodoMap;
			packageProductDependencies = (
				D0885E052ABA832900F9F2E1 /* Realm */,
				D0885E072ABA832900F9F2E1 /* RealmSwift */,
			);
			productName = TodoMap;
			productReference = D0885D9E2AB75F3600F9F2E1 /* TodoMap.app */;
			productType = "com.apple.product-type.application";
		};
/* End PBXNativeTarget section */

/* Begin PBXProject section */
		D0885D962AB75F3600F9F2E1 /* Project object */ = {
			isa = PBXProject;
			attributes = {
				BuildIndependentTargetsInParallel = 1;
				LastSwiftUpdateCheck = 1430;
				LastUpgradeCheck = 1430;
				TargetAttributes = {
					D0885D9D2AB75F3600F9F2E1 = {
						CreatedOnToolsVersion = 14.3.1;
					};
				};
			};
			buildConfigurationList = D0885D992AB75F3600F9F2E1 /* Build configuration list for PBXProject "TodoMap" */;
			compatibilityVersion = "Xcode 14.0";
			developmentRegion = en;
			hasScannedForEncodings = 0;
			knownRegions = (
				en,
				Base,
			);
			mainGroup = D0885D952AB75F3600F9F2E1;
			packageReferences = (
				D0885E042ABA832900F9F2E1 /* XCRemoteSwiftPackageReference "realm-swift" */,
			);
			productRefGroup = D0885D9F2AB75F3600F9F2E1 /* Products */;
			projectDirPath = "";
			projectRoot = "";
			targets = (
				D0885D9D2AB75F3600F9F2E1 /* TodoMap */,
			);
		};
/* End PBXProject section */

/* Begin PBXResourcesBuildPhase section */
		D0885D9C2AB75F3600F9F2E1 /* Resources */ = {
			isa = PBXResourcesBuildPhase;
			buildActionMask = 2147483647;
			files = (
				D0885DAE2AB75F3800F9F2E1 /* LaunchScreen.storyboard in Resources */,
				D0885DAB2AB75F3800F9F2E1 /* Assets.xcassets in Resources */,
				D0885DA92AB75F3600F9F2E1 /* Main.storyboard in Resources */,
				D0885E032AB9EF4E00F9F2E1 /* CustomPinView.xib in Resources */,
			);
			runOnlyForDeploymentPostprocessing = 0;
		};
/* End PBXResourcesBuildPhase section */

/* Begin PBXSourcesBuildPhase section */
		D0885D9A2AB75F3600F9F2E1 /* Sources */ = {
			isa = PBXSourcesBuildPhase;
			buildActionMask = 2147483647;
			files = (
				D0885DDA2AB830AA00F9F2E1 /* EditViewController.swift in Sources */,
				D0885E0A2ABA839600F9F2E1 /* addMapItem.swift in Sources */,
				D0885DDC2AB830BC00F9F2E1 /* addMapViewController.swift in Sources */,
				D0885DA62AB75F3600F9F2E1 /* HomeController.swift in Sources */,
				D07742F82AC192E600727830 /* upMapViewController.swift in Sources */,
				D0885DFE2AB9EEED00F9F2E1 /* CustomPinView.swift in Sources */,
				D07742F62AC05FE400727830 /* upDateViewController.swift in Sources */,
				D0885DA22AB75F3600F9F2E1 /* AppDelegate.swift in Sources */,
				D0885DA42AB75F3600F9F2E1 /* SceneDelegate.swift in Sources */,
				D0885DD82AB8309400F9F2E1 /* ShowViewController.swift in Sources */,
			);
			runOnlyForDeploymentPostprocessing = 0;
		};
/* End PBXSourcesBuildPhase section */

/* Begin PBXVariantGroup section */
		D0885DA72AB75F3600F9F2E1 /* Main.storyboard */ = {
			isa = PBXVariantGroup;
			children = (
				D0885DA82AB75F3600F9F2E1 /* Base */,
			);
			name = Main.storyboard;
			sourceTree = "<group>";
		};
		D0885DAC2AB75F3800F9F2E1 /* LaunchScreen.storyboard */ = {
			isa = PBXVariantGroup;
			children = (
				D0885DAD2AB75F3800F9F2E1 /* Base */,
			);
			name = LaunchScreen.storyboard;
			sourceTree = "<group>";
		};
/* End PBXVariantGroup section */

/* Begin XCBuildConfiguration section */
		D0885DB02AB75F3800F9F2E1 /* Debug */ = {
			isa = XCBuildConfiguration;
			buildSettings = {
				ALWAYS_SEARCH_USER_PATHS = NO;
				CLANG_ANALYZER_NONNULL = YES;
				CLANG_ANALYZER_NUMBER_OBJECT_CONVERSION = YES_AGGRESSIVE;
				CLANG_CXX_LANGUAGE_STANDARD = "gnu++20";
				CLANG_ENABLE_MODULES = YES;
				CLANG_ENABLE_OBJC_ARC = YES;
				CLANG_ENABLE_OBJC_WEAK = YES;
				CLANG_WARN_BLOCK_CAPTURE_AUTORELEASING = YES;
				CLANG_WARN_BOOL_CONVERSION = YES;
				CLANG_WARN_COMMA = YES;
				CLANG_WARN_CONSTANT_CONVERSION = YES;
				CLANG_WARN_DEPRECATED_OBJC_IMPLEMENTATIONS = YES;
				CLANG_WARN_DIRECT_OBJC_ISA_USAGE = YES_ERROR;
				CLANG_WARN_DOCUMENTATION_COMMENTS = YES;
				CLANG_WARN_EMPTY_BODY = YES;
				CLANG_WARN_ENUM_CONVERSION = YES;
				CLANG_WARN_INFINITE_RECURSION = YES;
				CLANG_WARN_INT_CONVERSION = YES;
				CLANG_WARN_NON_LITERAL_NULL_CONVERSION = YES;
				CLANG_WARN_OBJC_IMPLICIT_RETAIN_SELF = YES;
				CLANG_WARN_OBJC_LITERAL_CONVERSION = YES;
				CLANG_WARN_OBJC_ROOT_CLASS = YES_ERROR;
				CLANG_WARN_QUOTED_INCLUDE_IN_FRAMEWORK_HEADER = YES;
				CLANG_WARN_RANGE_LOOP_ANALYSIS = YES;
				CLANG_WARN_STRICT_PROTOTYPES = YES;
				CLANG_WARN_SUSPICIOUS_MOVE = YES;
				CLANG_WARN_UNGUARDED_AVAILABILITY = YES_AGGRESSIVE;
				CLANG_WARN_UNREACHABLE_CODE = YES;
				CLANG_WARN__DUPLICATE_METHOD_MATCH = YES;
				COPY_PHASE_STRIP = NO;
				DEBUG_INFORMATION_FORMAT = dwarf;
				ENABLE_STRICT_OBJC_MSGSEND = YES;
				ENABLE_TESTABILITY = YES;
				GCC_C_LANGUAGE_STANDARD = gnu11;
				GCC_DYNAMIC_NO_PIC = NO;
				GCC_NO_COMMON_BLOCKS = YES;
				GCC_OPTIMIZATION_LEVEL = 0;
				GCC_PREPROCESSOR_DEFINITIONS = (
					"DEBUG=1",
					"$(inherited)",
				);
				GCC_WARN_64_TO_32_BIT_CONVERSION = YES;
				GCC_WARN_ABOUT_RETURN_TYPE = YES_ERROR;
				GCC_WARN_UNDECLARED_SELECTOR = YES;
				GCC_WARN_UNINITIALIZED_AUTOS = YES_AGGRESSIVE;
				GCC_WARN_UNUSED_FUNCTION = YES;
				GCC_WARN_UNUSED_VARIABLE = YES;
				IPHONEOS_DEPLOYMENT_TARGET = 16.0;
				MTL_ENABLE_DEBUG_INFO = INCLUDE_SOURCE;
				MTL_FAST_MATH = YES;
				ONLY_ACTIVE_ARCH = YES;
				SDKROOT = iphoneos;
				SWIFT_ACTIVE_COMPILATION_CONDITIONS = DEBUG;
				SWIFT_OPTIMIZATION_LEVEL = "-Onone";
			};
			name = Debug;
		};
		D0885DB12AB75F3800F9F2E1 /* Release */ = {
			isa = XCBuildConfiguration;
			buildSettings = {
				ALWAYS_SEARCH_USER_PATHS = NO;
				CLANG_ANALYZER_NONNULL = YES;
				CLANG_ANALYZER_NUMBER_OBJECT_CONVERSION = YES_AGGRESSIVE;
				CLANG_CXX_LANGUAGE_STANDARD = "gnu++20";
				CLANG_ENABLE_MODULES = YES;
				CLANG_ENABLE_OBJC_ARC = YES;
				CLANG_ENABLE_OBJC_WEAK = YES;
				CLANG_WARN_BLOCK_CAPTURE_AUTORELEASING = YES;
				CLANG_WARN_BOOL_CONVERSION = YES;
				CLANG_WARN_COMMA = YES;
				CLANG_WARN_CONSTANT_CONVERSION = YES;
				CLANG_WARN_DEPRECATED_OBJC_IMPLEMENTATIONS = YES;
				CLANG_WARN_DIRECT_OBJC_ISA_USAGE = YES_ERROR;
				CLANG_WARN_DOCUMENTATION_COMMENTS = YES;
				CLANG_WARN_EMPTY_BODY = YES;
				CLANG_WARN_ENUM_CONVERSION = YES;
				CLANG_WARN_INFINITE_RECURSION = YES;
				CLANG_WARN_INT_CONVERSION = YES;
				CLANG_WARN_NON_LITERAL_NULL_CONVERSION = YES;
				CLANG_WARN_OBJC_IMPLICIT_RETAIN_SELF = YES;
				CLANG_WARN_OBJC_LITERAL_CONVERSION = YES;
				CLANG_WARN_OBJC_ROOT_CLASS = YES_ERROR;
				CLANG_WARN_QUOTED_INCLUDE_IN_FRAMEWORK_HEADER = YES;
				CLANG_WARN_RANGE_LOOP_ANALYSIS = YES;
				CLANG_WARN_STRICT_PROTOTYPES = YES;
				CLANG_WARN_SUSPICIOUS_MOVE = YES;
				CLANG_WARN_UNGUARDED_AVAILABILITY = YES_AGGRESSIVE;
				CLANG_WARN_UNREACHABLE_CODE = YES;
				CLANG_WARN__DUPLICATE_METHOD_MATCH = YES;
				COPY_PHASE_STRIP = NO;
				DEBUG_INFORMATION_FORMAT = "dwarf-with-dsym";
				ENABLE_NS_ASSERTIONS = NO;
				ENABLE_STRICT_OBJC_MSGSEND = YES;
				GCC_C_LANGUAGE_STANDARD = gnu11;
				GCC_NO_COMMON_BLOCKS = YES;
				GCC_WARN_64_TO_32_BIT_CONVERSION = YES;
				GCC_WARN_ABOUT_RETURN_TYPE = YES_ERROR;
				GCC_WARN_UNDECLARED_SELECTOR = YES;
				GCC_WARN_UNINITIALIZED_AUTOS = YES_AGGRESSIVE;
				GCC_WARN_UNUSED_FUNCTION = YES;
				GCC_WARN_UNUSED_VARIABLE = YES;
				IPHONEOS_DEPLOYMENT_TARGET = 16.0;
				MTL_ENABLE_DEBUG_INFO = NO;
				MTL_FAST_MATH = YES;
				SDKROOT = iphoneos;
				SWIFT_COMPILATION_MODE = wholemodule;
				SWIFT_OPTIMIZATION_LEVEL = "-O";
				VALIDATE_PRODUCT = YES;
			};
			name = Release;
		};
		D0885DB32AB75F3800F9F2E1 /* Debug */ = {
			isa = XCBuildConfiguration;
			buildSettings = {
				ASSETCATALOG_COMPILER_APPICON_NAME = AppIcon;
				ASSETCATALOG_COMPILER_GLOBAL_ACCENT_COLOR_NAME = AccentColor;
				CODE_SIGN_STYLE = Automatic;
				CURRENT_PROJECT_VERSION = 1;
				DEVELOPMENT_TEAM = X492QDP79L;
				GENERATE_INFOPLIST_FILE = YES;
				INFOPLIST_FILE = TodoMap/Info.plist;
				INFOPLIST_KEY_UIApplicationSupportsIndirectInputEvents = YES;
				INFOPLIST_KEY_UILaunchStoryboardName = LaunchScreen;
				INFOPLIST_KEY_UIMainStoryboardFile = Main;
				INFOPLIST_KEY_UISupportedInterfaceOrientations_iPad = "UIInterfaceOrientationPortrait UIInterfaceOrientationPortraitUpsideDown UIInterfaceOrientationLandscapeLeft UIInterfaceOrientationLandscapeRight";
				INFOPLIST_KEY_UISupportedInterfaceOrientations_iPhone = "UIInterfaceOrientationPortrait UIInterfaceOrientationLandscapeLeft UIInterfaceOrientationLandscapeRight";
				LD_RUNPATH_SEARCH_PATHS = (
					"$(inherited)",
					"@executable_path/Frameworks",
				);
				MARKETING_VERSION = 1.0;
				PRODUCT_BUNDLE_IDENTIFIER = app.Masaharu.Makki.TodoMap;
				PRODUCT_NAME = "$(TARGET_NAME)";
				SWIFT_EMIT_LOC_STRINGS = YES;
				SWIFT_VERSION = 5.0;
				TARGETED_DEVICE_FAMILY = "1,2";
			};
			name = Debug;
		};
		D0885DB42AB75F3800F9F2E1 /* Release */ = {
			isa = XCBuildConfiguration;
			buildSettings = {
				ASSETCATALOG_COMPILER_APPICON_NAME = AppIcon;
				ASSETCATALOG_COMPILER_GLOBAL_ACCENT_COLOR_NAME = AccentColor;
				CODE_SIGN_STYLE = Automatic;
				CURRENT_PROJECT_VERSION = 1;
				DEVELOPMENT_TEAM = X492QDP79L;
				GENERATE_INFOPLIST_FILE = YES;
				INFOPLIST_FILE = TodoMap/Info.plist;
				INFOPLIST_KEY_UIApplicationSupportsIndirectInputEvents = YES;
				INFOPLIST_KEY_UILaunchStoryboardName = LaunchScreen;
				INFOPLIST_KEY_UIMainStoryboardFile = Main;
				INFOPLIST_KEY_UISupportedInterfaceOrientations_iPad = "UIInterfaceOrientationPortrait UIInterfaceOrientationPortraitUpsideDown UIInterfaceOrientationLandscapeLeft UIInterfaceOrientationLandscapeRight";
				INFOPLIST_KEY_UISupportedInterfaceOrientations_iPhone = "UIInterfaceOrientationPortrait UIInterfaceOrientationLandscapeLeft UIInterfaceOrientationLandscapeRight";
				LD_RUNPATH_SEARCH_PATHS = (
					"$(inherited)",
					"@executable_path/Frameworks",
				);
				MARKETING_VERSION = 1.0;
				PRODUCT_BUNDLE_IDENTIFIER = app.Masaharu.Makki.TodoMap;
				PRODUCT_NAME = "$(TARGET_NAME)";
				SWIFT_EMIT_LOC_STRINGS = YES;
				SWIFT_VERSION = 5.0;
				TARGETED_DEVICE_FAMILY = "1,2";
			};
			name = Release;
		};
/* End XCBuildConfiguration section */

/* Begin XCConfigurationList section */
		D0885D992AB75F3600F9F2E1 /* Build configuration list for PBXProject "TodoMap" */ = {
			isa = XCConfigurationList;
			buildConfigurations = (
				D0885DB02AB75F3800F9F2E1 /* Debug */,
				D0885DB12AB75F3800F9F2E1 /* Release */,
			);
			defaultConfigurationIsVisible = 0;
			defaultConfigurationName = Release;
		};
		D0885DB22AB75F3800F9F2E1 /* Build configuration list for PBXNativeTarget "TodoMap" */ = {
			isa = XCConfigurationList;
			buildConfigurations = (
				D0885DB32AB75F3800F9F2E1 /* Debug */,
				D0885DB42AB75F3800F9F2E1 /* Release */,
			);
			defaultConfigurationIsVisible = 0;
			defaultConfigurationName = Release;
		};
/* End XCConfigurationList section */

/* Begin XCRemoteSwiftPackageReference section */
		D0885E042ABA832900F9F2E1 /* XCRemoteSwiftPackageReference "realm-swift" */ = {
			isa = XCRemoteSwiftPackageReference;
			repositoryURL = "https://github.com/realm/realm-swift";
			requirement = {
				branch = master;
				kind = branch;
			};
		};
/* End XCRemoteSwiftPackageReference section */

/* Begin XCSwiftPackageProductDependency section */
		D0885E052ABA832900F9F2E1 /* Realm */ = {
			isa = XCSwiftPackageProductDependency;
			package = D0885E042ABA832900F9F2E1 /* XCRemoteSwiftPackageReference "realm-swift" */;
			productName = Realm;
		};
		D0885E072ABA832900F9F2E1 /* RealmSwift */ = {
			isa = XCSwiftPackageProductDependency;
			package = D0885E042ABA832900F9F2E1 /* XCRemoteSwiftPackageReference "realm-swift" */;
			productName = RealmSwift;
		};
/* End XCSwiftPackageProductDependency section */
	};
	rootObject = D0885D962AB75F3600F9F2E1 /* Project object */;
}
